<?xml version="1.0" encoding="UTF-8" standalone="yes" ?>
<CodeBlocks_project_file>
	<FileVersion major="1" minor="6" />
	<Project>
		<Option title="kozmetickiSalon" />
		<Option pch_mode="2" />
		<Option compiler="gcc" />
		<Build>
			<Target title="Debug">
				<Option output="bin/Debug/kozmetickiSalon" prefix_auto="1" extension_auto="1" />
				<Option object_output="obj/Debug/" />
				<Option type="1" />
				<Option compiler="gcc" />
				<Compiler>
					<Add option="-g" />
				</Compiler>
			</Target>
			<Target title="Release">
				<Option output="bin/Release/kozmetickiSalon" prefix_auto="1" extension_auto="1" />
				<Option object_output="obj/Release/" />
				<Option type="1" />
				<Option compiler="gcc" />
				<Compiler>
					<Add option="-O2" />
				</Compiler>
				<Linker>
					<Add option="-s" />
				</Linker>
			</Target>
		</Build>
		<Compiler>
			<Add option="-Wall" />
			<Add option="-fexceptions" />
		</Compiler>
		<Unit filename="KozmetickiSalon.hpp" />
		<Unit filename="datum.hpp" />
		<Unit filename="klijent.hpp" />
		<Unit filename="klijentii.txt" />
		<Unit filename="korisnik.hpp" />
		<Unit filename="main.cpp" />
		<Unit filename="manikir.hpp" />
		<Unit filename="masaza.hpp" />
		<Unit filename="pedikir.hpp" />
		<Unit filename="sminka.hpp" />
		<Unit filename="termin.hpp" />
		<Unit filename="terminnn.txt" />
		<Unit filename="trepavice.hpp" />
		<Unit filename="ucitaniZaposleni.txt" />
		<Unit filename="usluga.hpp" />
		<Unit filename="vreme.hpp" />
		<Unit filename="vrstaZaposlenog.hpp" />
		<Unit filename="zaposlenii.txt" />
		<Extensions>
			<code_completion />
			<envvars />
			<debugger />
			<lib_finder disable_auto="1" />
		</Extensions>
	</Project>
</CodeBlocks_project_file>
